
Microsoft Visual Studio Solution File, Format Version 12.00
# Visual Studio 15
VisualStudioVersion = 15.0.28010.2003
MinimumVisualStudioVersion = 10.0.40219.1
Project("{FAE04EC0-301F-11D3-BF4B-00C04F79EFBC}") = "Gs.TestingBugManagement", "Gs.TestingBugManagement\Gs.TestingBugManagement.csproj", "{1FA4203D-C2AB-4F1F-B3DC-74A3E1DD7040}"
EndProject
Global
	GlobalSection(SolutionConfigurationPlatforms) = preSolution
		Debug|Any CPU = Debug|Any CPU
		Release|Any CPU = Release|Any CPU
	EndGlobalSection
	GlobalSection(ProjectConfigurationPlatforms) = postSolution
		{1FA4203D-C2AB-4F1F-B3DC-74A3E1DD7040}.Debug|Any CPU.ActiveCfg = Debug|Any CPU
		{1FA4203D-C2AB-4F1F-B3DC-74A3E1DD7040}.Debug|Any CPU.Build.0 = Debug|Any CPU
		{1FA4203D-C2AB-4F1F-B3DC-74A3E1DD7040}.Release|Any CPU.ActiveCfg = Release|Any CPU
		{1FA4203D-C2AB-4F1F-B3DC-74A3E1DD7040}.Release|Any CPU.Build.0 = Release|Any CPU
	EndGlobalSection
	GlobalSection(SolutionProperties) = preSolution
		HideSolutionNode = FALSE
	EndGlobalSection
	GlobalSection(ExtensibilityGlobals) = postSolution
		SolutionGuid = {1F3E470F-6862-4971-85E8-67726A6CCB11}
	EndGlobalSection
EndGlobal
